
Microsoft Visual Studio Solution File, Format Version 12.00
# Visual Studio Version 17
VisualStudioVersion = 17.7.34018.315
MinimumVisualStudioVersion = 10.0.40219.1
Project("{FAE04EC0-301F-11D3-BF4B-00C04F79EFBC}") = "PDC60Module02.Android", "PDC60Module02\PDC60Module02.Android\PDC60Module02.Android.csproj", "{B25F189A-D3F2-4E25-B562-24EFABA4B699}"
EndProject
Project("{FAE04EC0-301F-11D3-BF4B-00C04F79EFBC}") = "PDC60Module02", "PDC60Module02\PDC60Module02\PDC60Module02.csproj", "{99C6F85A-DC17-4150-9E34-6AE95B8130F1}"
EndProject
Global
	GlobalSection(SolutionConfigurationPlatforms) = preSolution
		Debug|Any CPU = Debug|Any CPU
		Release|Any CPU = Release|Any CPU
	EndGlobalSection
	GlobalSection(ProjectConfigurationPlatforms) = postSolution
		{B25F189A-D3F2-4E25-B562-24EFABA4B699}.Debug|Any CPU.ActiveCfg = Debug|Any CPU
		{B25F189A-D3F2-4E25-B562-24EFABA4B699}.Debug|Any CPU.Build.0 = Debug|Any CPU
		{B25F189A-D3F2-4E25-B562-24EFABA4B699}.Debug|Any CPU.Deploy.0 = Debug|Any CPU
		{B25F189A-D3F2-4E25-B562-24EFABA4B699}.Release|Any CPU.ActiveCfg = Release|Any CPU
		{B25F189A-D3F2-4E25-B562-24EFABA4B699}.Release|Any CPU.Build.0 = Release|Any CPU
		{B25F189A-D3F2-4E25-B562-24EFABA4B699}.Release|Any CPU.Deploy.0 = Release|Any CPU
		{99C6F85A-DC17-4150-9E34-6AE95B8130F1}.Debug|Any CPU.ActiveCfg = Debug|Any CPU
		{99C6F85A-DC17-4150-9E34-6AE95B8130F1}.Debug|Any CPU.Build.0 = Debug|Any CPU
		{99C6F85A-DC17-4150-9E34-6AE95B8130F1}.Debug|Any CPU.Deploy.0 = Debug|Any CPU
		{99C6F85A-DC17-4150-9E34-6AE95B8130F1}.Release|Any CPU.ActiveCfg = Release|Any CPU
		{99C6F85A-DC17-4150-9E34-6AE95B8130F1}.Release|Any CPU.Build.0 = Release|Any CPU
		{99C6F85A-DC17-4150-9E34-6AE95B8130F1}.Release|Any CPU.Deploy.0 = Release|Any CPU
	EndGlobalSection
	GlobalSection(SolutionProperties) = preSolution
		HideSolutionNode = FALSE
	EndGlobalSection
	GlobalSection(ExtensibilityGlobals) = postSolution
		SolutionGuid = {0A4C5A83-690B-4567-949F-6762F8232B49}
	EndGlobalSection
EndGlobal
